
Microsoft Visual Studio Solution File, Format Version 12.00
# Visual Studio Version 17
VisualStudioVersion = 17.4.33213.308
MinimumVisualStudioVersion = 10.0.40219.1
Project("{FAE04EC0-301F-11D3-BF4B-00C04F79EFBC}") = "ExamSystem", "ExamSystem.csproj", "{0D8FA011-2E5E-476B-AD90-4EBF35A2F892}"
EndProject
Global
	GlobalSection(SolutionConfigurationPlatforms) = preSolution
		Debug|Any CPU = Debug|Any CPU
		Release|Any CPU = Release|Any CPU
	EndGlobalSection
	GlobalSection(ProjectConfigurationPlatforms) = postSolution
		{0D8FA011-2E5E-476B-AD90-4EBF35A2F892}.Debug|Any CPU.ActiveCfg = Debug|Any CPU
		{0D8FA011-2E5E-476B-AD90-4EBF35A2F892}.Debug|Any CPU.Build.0 = Debug|Any CPU
		{0D8FA011-2E5E-476B-AD90-4EBF35A2F892}.Release|Any CPU.ActiveCfg = Release|Any CPU
		{0D8FA011-2E5E-476B-AD90-4EBF35A2F892}.Release|Any CPU.Build.0 = Release|Any CPU
	EndGlobalSection
	GlobalSection(SolutionProperties) = preSolution
		HideSolutionNode = FALSE
	EndGlobalSection
	GlobalSection(ExtensibilityGlobals) = postSolution
		SolutionGuid = {6A569A19-FF31-447D-9D45-792DB5C85BB0}
	EndGlobalSection
EndGlobal
